
Microsoft Visual Studio Solution File, Format Version 12.00
# Visual Studio Version 16
VisualStudioVersion = 16.0.32106.194
MinimumVisualStudioVersion = 10.0.40219.1
Project("{FAE04EC0-301F-11D3-BF4B-00C04F79EFBC}") = "Nayckerson.App.WebApi", "Nayckerson.App.WebApi\Nayckerson.App.WebApi.csproj", "{6A7FABD4-7494-48CA-9C61-A79253137832}"
EndProject
Project("{FAE04EC0-301F-11D3-BF4B-00C04F79EFBC}") = "Nayckerson.App.Comum", "Nayckerson.App.Comun\Nayckerson.App.Comum.csproj", "{954CF03B-6F70-4E9E-8731-AE0494A4E702}"
EndProject
Project("{FAE04EC0-301F-11D3-BF4B-00C04F79EFBC}") = "Nayckerson.App.WinUI", "Nayckerson.App.WinUI\Nayckerson.App.WinUI.csproj", "{84127CA5-979A-4221-8AA4-3447335FCCD3}"
EndProject
Global
	GlobalSection(SolutionConfigurationPlatforms) = preSolution
		Debug|Any CPU = Debug|Any CPU
		Release|Any CPU = Release|Any CPU
	EndGlobalSection
	GlobalSection(ProjectConfigurationPlatforms) = postSolution
		{6A7FABD4-7494-48CA-9C61-A79253137832}.Debug|Any CPU.ActiveCfg = Debug|Any CPU
		{6A7FABD4-7494-48CA-9C61-A79253137832}.Debug|Any CPU.Build.0 = Debug|Any CPU
		{6A7FABD4-7494-48CA-9C61-A79253137832}.Release|Any CPU.ActiveCfg = Release|Any CPU
		{6A7FABD4-7494-48CA-9C61-A79253137832}.Release|Any CPU.Build.0 = Release|Any CPU
		{954CF03B-6F70-4E9E-8731-AE0494A4E702}.Debug|Any CPU.ActiveCfg = Debug|Any CPU
		{954CF03B-6F70-4E9E-8731-AE0494A4E702}.Debug|Any CPU.Build.0 = Debug|Any CPU
		{954CF03B-6F70-4E9E-8731-AE0494A4E702}.Release|Any CPU.ActiveCfg = Release|Any CPU
		{954CF03B-6F70-4E9E-8731-AE0494A4E702}.Release|Any CPU.Build.0 = Release|Any CPU
		{84127CA5-979A-4221-8AA4-3447335FCCD3}.Debug|Any CPU.ActiveCfg = Debug|Any CPU
		{84127CA5-979A-4221-8AA4-3447335FCCD3}.Debug|Any CPU.Build.0 = Debug|Any CPU
		{84127CA5-979A-4221-8AA4-3447335FCCD3}.Release|Any CPU.ActiveCfg = Release|Any CPU
		{84127CA5-979A-4221-8AA4-3447335FCCD3}.Release|Any CPU.Build.0 = Release|Any CPU
	EndGlobalSection
	GlobalSection(SolutionProperties) = preSolution
		HideSolutionNode = FALSE
	EndGlobalSection
	GlobalSection(ExtensibilityGlobals) = postSolution
		SolutionGuid = {70F283CC-A284-410F-B578-C45AB8D420D1}
	EndGlobalSection
EndGlobal
